
Microsoft Visual Studio Solution File, Format Version 12.00
# Visual Studio Version 17
VisualStudioVersion = 17.9.34728.123
MinimumVisualStudioVersion = 10.0.40219.1
Project("{FAE04EC0-301F-11D3-BF4B-00C04F79EFBC}") = "TaskSchedular", "TaskSchedular\TaskSchedular.csproj", "{30928CFF-87AF-43E2-85F4-06827A9C546B}"
EndProject
Global
	GlobalSection(SolutionConfigurationPlatforms) = preSolution
		Debug|Any CPU = Debug|Any CPU
		Release|Any CPU = Release|Any CPU
	EndGlobalSection
	GlobalSection(ProjectConfigurationPlatforms) = postSolution
		{30928CFF-87AF-43E2-85F4-06827A9C546B}.Debug|Any CPU.ActiveCfg = Debug|Any CPU
		{30928CFF-87AF-43E2-85F4-06827A9C546B}.Debug|Any CPU.Build.0 = Debug|Any CPU
		{30928CFF-87AF-43E2-85F4-06827A9C546B}.Release|Any CPU.ActiveCfg = Release|Any CPU
		{30928CFF-87AF-43E2-85F4-06827A9C546B}.Release|Any CPU.Build.0 = Release|Any CPU
	EndGlobalSection
	GlobalSection(SolutionProperties) = preSolution
		HideSolutionNode = FALSE
	EndGlobalSection
	GlobalSection(ExtensibilityGlobals) = postSolution
		SolutionGuid = {E716B9D4-5809-44FA-9EA6-B188DFEEBD93}
	EndGlobalSection
EndGlobal
